// !$*UTF8*$!
{
	archiveVersion = 1;
	classes = {
	};
	objectVersion = 55;
	objects = {

/* Begin PBXBuildFile section */
		244BC59F28DC9D40009005C3 /* TextConstants.swift in Sources */ = {isa = PBXBuildFile; fileRef = 244BC59E28DC9D40009005C3 /* TextConstants.swift */; };
		244BC5A128DC9FB0009005C3 /* PageViewModel.swift in Sources */ = {isa = PBXBuildFile; fileRef = 244BC5A028DC9FB0009005C3 /* PageViewModel.swift */; };
		2491176028D5DEA00035171C /* AppDelegate.swift in Sources */ = {isa = PBXBuildFile; fileRef = 2491175F28D5DEA00035171C /* AppDelegate.swift */; };
		2491176228D5DEA00035171C /* SceneDelegate.swift in Sources */ = {isa = PBXBuildFile; fileRef = 2491176128D5DEA00035171C /* SceneDelegate.swift */; };
		2491176428D5DEA00035171C /* FirstViewController.swift in Sources */ = {isa = PBXBuildFile; fileRef = 2491176328D5DEA00035171C /* FirstViewController.swift */; };
		2491176928D5DEA10035171C /* Assets.xcassets in Resources */ = {isa = PBXBuildFile; fileRef = 2491176828D5DEA10035171C /* Assets.xcassets */; };
		2491177C28D5E2720035171C /* MainButton.swift in Sources */ = {isa = PBXBuildFile; fileRef = 2491177B28D5E2720035171C /* MainButton.swift */; };
		2491177F28D5FE230035171C /* Colors.swift in Sources */ = {isa = PBXBuildFile; fileRef = 2491177E28D5FE230035171C /* Colors.swift */; };
		2491178128D5FF720035171C /* Launch Screen.storyboard in Resources */ = {isa = PBXBuildFile; fileRef = 2491178028D5FF720035171C /* Launch Screen.storyboard */; };
		2491178528D605A10035171C /* SecondViewController.swift in Sources */ = {isa = PBXBuildFile; fileRef = 2491178428D605A10035171C /* SecondViewController.swift */; };
		2491178728D605B00035171C /* ThirdViewController.swift in Sources */ = {isa = PBXBuildFile; fileRef = 2491178628D605B00035171C /* ThirdViewController.swift */; };
		2491178928D61A540035171C /* PageView.swift in Sources */ = {isa = PBXBuildFile; fileRef = 2491178828D61A540035171C /* PageView.swift */; };
		2491178F28D753B50035171C /* HorizontalCollectionViewCell.swift in Sources */ = {isa = PBXBuildFile; fileRef = 2491178E28D753B50035171C /* HorizontalCollectionViewCell.swift */; };
		2491179428D88FBD0035171C /* ModalView.swift in Sources */ = {isa = PBXBuildFile; fileRef = 2491179328D88FBD0035171C /* ModalView.swift */; };
		2491179628D9C5230035171C /* UIViewController.swift in Sources */ = {isa = PBXBuildFile; fileRef = 2491179528D9C5230035171C /* UIViewController.swift */; };
		249117CB28DA3FC90035171C /* TestApp.xcdatamodeld in Sources */ = {isa = PBXBuildFile; fileRef = 249117C928DA3FC90035171C /* TestApp.xcdatamodeld */; };
		249117CE28DA40470035171C /* Configuration+CoreDataClass.swift in Sources */ = {isa = PBXBuildFile; fileRef = 249117CC28DA40470035171C /* Configuration+CoreDataClass.swift */; };
		249117CF28DA40470035171C /* Configuration+CoreDataProperties.swift in Sources */ = {isa = PBXBuildFile; fileRef = 249117CD28DA40470035171C /* Configuration+CoreDataProperties.swift */; };
/* End PBXBuildFile section */

/* Begin PBXFileReference section */
		244BC59E28DC9D40009005C3 /* TextConstants.swift */ = {isa = PBXFileReference; lastKnownFileType = sourcecode.swift; path = TextConstants.swift; sourceTree = "<group>"; };
		244BC5A028DC9FB0009005C3 /* PageViewModel.swift */ = {isa = PBXFileReference; lastKnownFileType = sourcecode.swift; path = PageViewModel.swift; sourceTree = "<group>"; };
		2491175C28D5DEA00035171C /* TestApp.app */ = {isa = PBXFileReference; explicitFileType = wrapper.application; includeInIndex = 0; path = TestApp.app; sourceTree = BUILT_PRODUCTS_DIR; };
		2491175F28D5DEA00035171C /* AppDelegate.swift */ = {isa = PBXFileReference; lastKnownFileType = sourcecode.swift; path = AppDelegate.swift; sourceTree = "<group>"; };
		2491176128D5DEA00035171C /* SceneDelegate.swift */ = {isa = PBXFileReference; lastKnownFileType = sourcecode.swift; path = SceneDelegate.swift; sourceTree = "<group>"; };
		2491176328D5DEA00035171C /* FirstViewController.swift */ = {isa = PBXFileReference; lastKnownFileType = sourcecode.swift; path = FirstViewController.swift; sourceTree = "<group>"; };
		2491176828D5DEA10035171C /* Assets.xcassets */ = {isa = PBXFileReference; lastKnownFileType = folder.assetcatalog; path = Assets.xcassets; sourceTree = "<group>"; };
		2491176D28D5DEA10035171C /* Info.plist */ = {isa = PBXFileReference; lastKnownFileType = text.plist.xml; path = Info.plist; sourceTree = "<group>"; };
		2491177B28D5E2720035171C /* MainButton.swift */ = {isa = PBXFileReference; lastKnownFileType = sourcecode.swift; path = MainButton.swift; sourceTree = "<group>"; };
		2491177E28D5FE230035171C /* Colors.swift */ = {isa = PBXFileReference; lastKnownFileType = sourcecode.swift; path = Colors.swift; sourceTree = "<group>"; };
		2491178028D5FF720035171C /* Launch Screen.storyboard */ = {isa = PBXFileReference; lastKnownFileType = file.storyboard; path = "Launch Screen.storyboard"; sourceTree = "<group>"; };
		2491178428D605A10035171C /* SecondViewController.swift */ = {isa = PBXFileReference; lastKnownFileType = sourcecode.swift; path = SecondViewController.swift; sourceTree = "<group>"; };
		2491178628D605B00035171C /* ThirdViewController.swift */ = {isa = PBXFileReference; lastKnownFileType = sourcecode.swift; path = ThirdViewController.swift; sourceTree = "<group>"; };
		2491178828D61A540035171C /* PageView.swift */ = {isa = PBXFileReference; lastKnownFileType = sourcecode.swift; path = PageView.swift; sourceTree = "<group>"; };
		2491178E28D753B50035171C /* HorizontalCollectionViewCell.swift */ = {isa = PBXFileReference; fileEncoding = 4; lastKnownFileType = sourcecode.swift; path = HorizontalCollectionViewCell.swift; sourceTree = "<group>"; };
		2491179328D88FBD0035171C /* ModalView.swift */ = {isa = PBXFileReference; lastKnownFileType = sourcecode.swift; path = ModalView.swift; sourceTree = "<group>"; };
		2491179528D9C5230035171C /* UIViewController.swift */ = {isa = PBXFileReference; lastKnownFileType = sourcecode.swift; path = UIViewController.swift; sourceTree = "<group>"; };
		249117CA28DA3FC90035171C /* TestApp.xcdatamodel */ = {isa = PBXFileReference; lastKnownFileType = wrapper.xcdatamodel; path = TestApp.xcdatamodel; sourceTree = "<group>"; };
		249117CC28DA40470035171C /* Configuration+CoreDataClass.swift */ = {isa = PBXFileReference; lastKnownFileType = sourcecode.swift; path = "Configuration+CoreDataClass.swift"; sourceTree = "<group>"; };
		249117CD28DA40470035171C /* Configuration+CoreDataProperties.swift */ = {isa = PBXFileReference; lastKnownFileType = sourcecode.swift; path = "Configuration+CoreDataProperties.swift"; sourceTree = "<group>"; };
/* End PBXFileReference section */

/* Begin PBXFrameworksBuildPhase section */
		2491175928D5DEA00035171C /* Frameworks */ = {
			isa = PBXFrameworksBuildPhase;
			buildActionMask = 2147483647;
			files = (
			);
			runOnlyForDeploymentPostprocessing = 0;
		};
/* End PBXFrameworksBuildPhase section */

/* Begin PBXGroup section */
		244BC59C28DC9826009005C3 /* CoreData */ = {
			isa = PBXGroup;
			children = (
				249117C928DA3FC90035171C /* TestApp.xcdatamodeld */,
				249117A128DA12640035171C /* Model */,
			);
			path = CoreData;
			sourceTree = "<group>";
		};
		244BC59D28DC9D24009005C3 /* SupportingFiles */ = {
			isa = PBXGroup;
			children = (
				244BC59E28DC9D40009005C3 /* TextConstants.swift */,
			);
			path = SupportingFiles;
			sourceTree = "<group>";
		};
		2491175328D5DEA00035171C = {
			isa = PBXGroup;
			children = (
				2491175E28D5DEA00035171C /* TestApp */,
				2491175D28D5DEA00035171C /* Products */,
			);
			sourceTree = "<group>";
		};
		2491175D28D5DEA00035171C /* Products */ = {
			isa = PBXGroup;
			children = (
				2491175C28D5DEA00035171C /* TestApp.app */,
			);
			name = Products;
			sourceTree = "<group>";
		};
		2491175E28D5DEA00035171C /* TestApp */ = {
			isa = PBXGroup;
			children = (
				2491176D28D5DEA10035171C /* Info.plist */,
				2491177328D5DF490035171C /* Application */,
				2491177528D5DF620035171C /* Resources */,
				2491177928D5E2570035171C /* Common */,
				2491177628D5DF860035171C /* Modules */,
			);
			path = TestApp;
			sourceTree = "<group>";
		};
		2491177328D5DF490035171C /* Application */ = {
			isa = PBXGroup;
			children = (
				2491177428D5DF560035171C /* Delegate */,
			);
			path = Application;
			sourceTree = "<group>";
		};
		2491177428D5DF560035171C /* Delegate */ = {
			isa = PBXGroup;
			children = (
				2491175F28D5DEA00035171C /* AppDelegate.swift */,
				2491176128D5DEA00035171C /* SceneDelegate.swift */,
			);
			path = Delegate;
			sourceTree = "<group>";
		};
		2491177528D5DF620035171C /* Resources */ = {
			isa = PBXGroup;
			children = (
				244BC59D28DC9D24009005C3 /* SupportingFiles */,
				2491176828D5DEA10035171C /* Assets.xcassets */,
				2491178028D5FF720035171C /* Launch Screen.storyboard */,
			);
			path = Resources;
			sourceTree = "<group>";
		};
		2491177628D5DF860035171C /* Modules */ = {
			isa = PBXGroup;
			children = (
				2491177828D5DFA10035171C /* FirstScreen */,
				2491178228D6055B0035171C /* SecondScreen */,
				2491178328D6056F0035171C /* ThirdScreen */,
			);
			path = Modules;
			sourceTree = "<group>";
		};
		2491177828D5DFA10035171C /* FirstScreen */ = {
			isa = PBXGroup;
			children = (
				2491176328D5DEA00035171C /* FirstViewController.swift */,
			);
			path = FirstScreen;
			sourceTree = "<group>";
		};
		2491177928D5E2570035171C /* Common */ = {
			isa = PBXGroup;
			children = (
				2491177A28D5E2690035171C /* DesignSystem */,
				244BC59C28DC9826009005C3 /* CoreData */,
				2491177D28D5FE170035171C /* Extensions */,
			);
			path = Common;
			sourceTree = "<group>";
		};
		2491177A28D5E2690035171C /* DesignSystem */ = {
			isa = PBXGroup;
			children = (
				2491179128D790F50035171C /* MainButton */,
				2491179028D790E40035171C /* PageView */,
				2491179228D88F220035171C /* ModalView */,
			);
			path = DesignSystem;
			sourceTree = "<group>";
		};
		2491177D28D5FE170035171C /* Extensions */ = {
			isa = PBXGroup;
			children = (
				2491177E28D5FE230035171C /* Colors.swift */,
				2491179528D9C5230035171C /* UIViewController.swift */,
			);
			path = Extensions;
			sourceTree = "<group>";
		};
		2491178228D6055B0035171C /* SecondScreen */ = {
			isa = PBXGroup;
			children = (
				2491178428D605A10035171C /* SecondViewController.swift */,
			);
			path = SecondScreen;
			sourceTree = "<group>";
		};
		2491178328D6056F0035171C /* ThirdScreen */ = {
			isa = PBXGroup;
			children = (
				2491178628D605B00035171C /* ThirdViewController.swift */,
			);
			path = ThirdScreen;
			sourceTree = "<group>";
		};
		2491179028D790E40035171C /* PageView */ = {
			isa = PBXGroup;
			children = (
				2491178828D61A540035171C /* PageView.swift */,
				2491178E28D753B50035171C /* HorizontalCollectionViewCell.swift */,
				244BC5A028DC9FB0009005C3 /* PageViewModel.swift */,
			);
			path = PageView;
			sourceTree = "<group>";
		};
		2491179128D790F50035171C /* MainButton */ = {
			isa = PBXGroup;
			children = (
				2491177B28D5E2720035171C /* MainButton.swift */,
			);
			path = MainButton;
			sourceTree = "<group>";
		};
		2491179228D88F220035171C /* ModalView */ = {
			isa = PBXGroup;
			children = (
				2491179328D88FBD0035171C /* ModalView.swift */,
			);
			path = ModalView;
			sourceTree = "<group>";
		};
		249117A128DA12640035171C /* Model */ = {
			isa = PBXGroup;
			children = (
				249117CC28DA40470035171C /* Configuration+CoreDataClass.swift */,
				249117CD28DA40470035171C /* Configuration+CoreDataProperties.swift */,
			);
			path = Model;
			sourceTree = "<group>";
		};
/* End PBXGroup section */

/* Begin PBXNativeTarget section */
		2491175B28D5DEA00035171C /* TestApp */ = {
			isa = PBXNativeTarget;
			buildConfigurationList = 2491177028D5DEA10035171C /* Build configuration list for PBXNativeTarget "TestApp" */;
			buildPhases = (
				2491175828D5DEA00035171C /* Sources */,
				2491175928D5DEA00035171C /* Frameworks */,
				2491175A28D5DEA00035171C /* Resources */,
			);
			buildRules = (
			);
			dependencies = (
			);
			name = TestApp;
			productName = TestApp;
			productReference = 2491175C28D5DEA00035171C /* TestApp.app */;
			productType = "com.apple.product-type.application";
		};
/* End PBXNativeTarget section */

/* Begin PBXProject section */
		2491175428D5DEA00035171C /* Project object */ = {
			isa = PBXProject;
			attributes = {
				BuildIndependentTargetsInParallel = 1;
				LastSwiftUpdateCheck = 1340;
				LastUpgradeCheck = 1340;
				TargetAttributes = {
					2491175B28D5DEA00035171C = {
						CreatedOnToolsVersion = 13.4.1;
					};
				};
			};
			buildConfigurationList = 2491175728D5DEA00035171C /* Build configuration list for PBXProject "TestApp" */;
			compatibilityVersion = "Xcode 13.0";
			developmentRegion = en;
			hasScannedForEncodings = 0;
			knownRegions = (
				en,
				Base,
			);
			mainGroup = 2491175328D5DEA00035171C;
			productRefGroup = 2491175D28D5DEA00035171C /* Products */;
			projectDirPath = "";
			projectRoot = "";
			targets = (
				2491175B28D5DEA00035171C /* TestApp */,
			);
		};
/* End PBXProject section */

/* Begin PBXResourcesBuildPhase section */
		2491175A28D5DEA00035171C /* Resources */ = {
			isa = PBXResourcesBuildPhase;
			buildActionMask = 2147483647;
			files = (
				2491178128D5FF720035171C /* Launch Screen.storyboard in Resources */,
				2491176928D5DEA10035171C /* Assets.xcassets in Resources */,
			);
			runOnlyForDeploymentPostprocessing = 0;
		};
/* End PBXResourcesBuildPhase section */

/* Begin PBXSourcesBuildPhase section */
		2491175828D5DEA00035171C /* Sources */ = {
			isa = PBXSourcesBuildPhase;
			buildActionMask = 2147483647;
			files = (
				2491178F28D753B50035171C /* HorizontalCollectionViewCell.swift in Sources */,
				249117CB28DA3FC90035171C /* TestApp.xcdatamodeld in Sources */,
				2491178528D605A10035171C /* SecondViewController.swift in Sources */,
				2491178928D61A540035171C /* PageView.swift in Sources */,
				249117CE28DA40470035171C /* Configuration+CoreDataClass.swift in Sources */,
				2491179628D9C5230035171C /* UIViewController.swift in Sources */,
				2491177C28D5E2720035171C /* MainButton.swift in Sources */,
				244BC5A128DC9FB0009005C3 /* PageViewModel.swift in Sources */,
				2491177F28D5FE230035171C /* Colors.swift in Sources */,
				249117CF28DA40470035171C /* Configuration+CoreDataProperties.swift in Sources */,
				2491179428D88FBD0035171C /* ModalView.swift in Sources */,
				2491178728D605B00035171C /* ThirdViewController.swift in Sources */,
				2491176428D5DEA00035171C /* FirstViewController.swift in Sources */,
				2491176028D5DEA00035171C /* AppDelegate.swift in Sources */,
				244BC59F28DC9D40009005C3 /* TextConstants.swift in Sources */,
				2491176228D5DEA00035171C /* SceneDelegate.swift in Sources */,
			);
			runOnlyForDeploymentPostprocessing = 0;
		};
/* End PBXSourcesBuildPhase section */

/* Begin XCBuildConfiguration section */
		2491176E28D5DEA10035171C /* Debug */ = {
			isa = XCBuildConfiguration;
			buildSettings = {
				ALWAYS_SEARCH_USER_PATHS = NO;
				CLANG_ANALYZER_NONNULL = YES;
				CLANG_ANALYZER_NUMBER_OBJECT_CONVERSION = YES_AGGRESSIVE;
				CLANG_CXX_LANGUAGE_STANDARD = "gnu++17";
				CLANG_ENABLE_MODULES = YES;
				CLANG_ENABLE_OBJC_ARC = YES;
				CLANG_ENABLE_OBJC_WEAK = YES;
				CLANG_WARN_BLOCK_CAPTURE_AUTORELEASING = YES;
				CLANG_WARN_BOOL_CONVERSION = YES;
				CLANG_WARN_COMMA = YES;
				CLANG_WARN_CONSTANT_CONVERSION = YES;
				CLANG_WARN_DEPRECATED_OBJC_IMPLEMENTATIONS = YES;
				CLANG_WARN_DIRECT_OBJC_ISA_USAGE = YES_ERROR;
				CLANG_WARN_DOCUMENTATION_COMMENTS = YES;
				CLANG_WARN_EMPTY_BODY = YES;
				CLANG_WARN_ENUM_CONVERSION = YES;
				CLANG_WARN_INFINITE_RECURSION = YES;
				CLANG_WARN_INT_CONVERSION = YES;
				CLANG_WARN_NON_LITERAL_NULL_CONVERSION = YES;
				CLANG_WARN_OBJC_IMPLICIT_RETAIN_SELF = YES;
				CLANG_WARN_OBJC_LITERAL_CONVERSION = YES;
				CLANG_WARN_OBJC_ROOT_CLASS = YES_ERROR;
				CLANG_WARN_QUOTED_INCLUDE_IN_FRAMEWORK_HEADER = YES;
				CLANG_WARN_RANGE_LOOP_ANALYSIS = YES;
				CLANG_WARN_STRICT_PROTOTYPES = YES;
				CLANG_WARN_SUSPICIOUS_MOVE = YES;
				CLANG_WARN_UNGUARDED_AVAILABILITY = YES_AGGRESSIVE;
				CLANG_WARN_UNREACHABLE_CODE = YES;
				CLANG_WARN__DUPLICATE_METHOD_MATCH = YES;
				COPY_PHASE_STRIP = NO;
				DEBUG_INFORMATION_FORMAT = dwarf;
				ENABLE_STRICT_OBJC_MSGSEND = YES;
				ENABLE_TESTABILITY = YES;
				GCC_C_LANGUAGE_STANDARD = gnu11;
				GCC_DYNAMIC_NO_PIC = NO;
				GCC_NO_COMMON_BLOCKS = YES;
				GCC_OPTIMIZATION_LEVEL = 0;
				GCC_PREPROCESSOR_DEFINITIONS = (
					"DEBUG=1",
					"$(inherited)",
				);
				GCC_WARN_64_TO_32_BIT_CONVERSION = YES;
				GCC_WARN_ABOUT_RETURN_TYPE = YES_ERROR;
				GCC_WARN_UNDECLARED_SELECTOR = YES;
				GCC_WARN_UNINITIALIZED_AUTOS = YES_AGGRESSIVE;
				GCC_WARN_UNUSED_FUNCTION = YES;
				GCC_WARN_UNUSED_VARIABLE = YES;
				IPHONEOS_DEPLOYMENT_TARGET = 15.5;
				MTL_ENABLE_DEBUG_INFO = INCLUDE_SOURCE;
				MTL_FAST_MATH = YES;
				ONLY_ACTIVE_ARCH = YES;
				SDKROOT = iphoneos;
				SWIFT_ACTIVE_COMPILATION_CONDITIONS = DEBUG;
				SWIFT_OPTIMIZATION_LEVEL = "-Onone";
			};
			name = Debug;
		};
		2491176F28D5DEA10035171C /* Release */ = {
			isa = XCBuildConfiguration;
			buildSettings = {
				ALWAYS_SEARCH_USER_PATHS = NO;
				CLANG_ANALYZER_NONNULL = YES;
				CLANG_ANALYZER_NUMBER_OBJECT_CONVERSION = YES_AGGRESSIVE;
				CLANG_CXX_LANGUAGE_STANDARD = "gnu++17";
				CLANG_ENABLE_MODULES = YES;
				CLANG_ENABLE_OBJC_ARC = YES;
				CLANG_ENABLE_OBJC_WEAK = YES;
				CLANG_WARN_BLOCK_CAPTURE_AUTORELEASING = YES;
				CLANG_WARN_BOOL_CONVERSION = YES;
				CLANG_WARN_COMMA = YES;
				CLANG_WARN_CONSTANT_CONVERSION = YES;
				CLANG_WARN_DEPRECATED_OBJC_IMPLEMENTATIONS = YES;
				CLANG_WARN_DIRECT_OBJC_ISA_USAGE = YES_ERROR;
				CLANG_WARN_DOCUMENTATION_COMMENTS = YES;
				CLANG_WARN_EMPTY_BODY = YES;
				CLANG_WARN_ENUM_CONVERSION = YES;
				CLANG_WARN_INFINITE_RECURSION = YES;
				CLANG_WARN_INT_CONVERSION = YES;
				CLANG_WARN_NON_LITERAL_NULL_CONVERSION = YES;
				CLANG_WARN_OBJC_IMPLICIT_RETAIN_SELF = YES;
				CLANG_WARN_OBJC_LITERAL_CONVERSION = YES;
				CLANG_WARN_OBJC_ROOT_CLASS = YES_ERROR;
				CLANG_WARN_QUOTED_INCLUDE_IN_FRAMEWORK_HEADER = YES;
				CLANG_WARN_RANGE_LOOP_ANALYSIS = YES;
				CLANG_WARN_STRICT_PROTOTYPES = YES;
				CLANG_WARN_SUSPICIOUS_MOVE = YES;
				CLANG_WARN_UNGUARDED_AVAILABILITY = YES_AGGRESSIVE;
				CLANG_WARN_UNREACHABLE_CODE = YES;
				CLANG_WARN__DUPLICATE_METHOD_MATCH = YES;
				COPY_PHASE_STRIP = NO;
				DEBUG_INFORMATION_FORMAT = "dwarf-with-dsym";
				ENABLE_NS_ASSERTIONS = NO;
				ENABLE_STRICT_OBJC_MSGSEND = YES;
				GCC_C_LANGUAGE_STANDARD = gnu11;
				GCC_NO_COMMON_BLOCKS = YES;
				GCC_WARN_64_TO_32_BIT_CONVERSION = YES;
				GCC_WARN_ABOUT_RETURN_TYPE = YES_ERROR;
				GCC_WARN_UNDECLARED_SELECTOR = YES;
				GCC_WARN_UNINITIALIZED_AUTOS = YES_AGGRESSIVE;
				GCC_WARN_UNUSED_FUNCTION = YES;
				GCC_WARN_UNUSED_VARIABLE = YES;
				IPHONEOS_DEPLOYMENT_TARGET = 15.5;
				MTL_ENABLE_DEBUG_INFO = NO;
				MTL_FAST_MATH = YES;
				SDKROOT = iphoneos;
				SWIFT_COMPILATION_MODE = wholemodule;
				SWIFT_OPTIMIZATION_LEVEL = "-O";
				VALIDATE_PRODUCT = YES;
			};
			name = Release;
		};
		2491177128D5DEA10035171C /* Debug */ = {
			isa = XCBuildConfiguration;
			buildSettings = {
				ASSETCATALOG_COMPILER_APPICON_NAME = AppIcon;
				ASSETCATALOG_COMPILER_GLOBAL_ACCENT_COLOR_NAME = AccentColor;
				CODE_SIGN_STYLE = Automatic;
				CURRENT_PROJECT_VERSION = 1;
				DEVELOPMENT_TEAM = BJ7BQ3L6R4;
				GENERATE_INFOPLIST_FILE = YES;
				INFOPLIST_FILE = TestApp/Info.plist;
				INFOPLIST_KEY_UIApplicationSupportsIndirectInputEvents = YES;
				INFOPLIST_KEY_UILaunchStoryboardName = LaunchScreen;
				INFOPLIST_KEY_UISupportedInterfaceOrientations = UIInterfaceOrientationPortrait;
				INFOPLIST_KEY_UISupportedInterfaceOrientations_iPhone = UIInterfaceOrientationPortrait;
				LD_RUNPATH_SEARCH_PATHS = (
					"$(inherited)",
					"@executable_path/Frameworks",
				);
				MARKETING_VERSION = 1.0.0;
				PRODUCT_BUNDLE_IDENTIFIER = Adamova.TestApp;
				PRODUCT_NAME = "$(TARGET_NAME)";
				SWIFT_EMIT_LOC_STRINGS = YES;
				SWIFT_VERSION = 5.0;
				TARGETED_DEVICE_FAMILY = 1;
			};
			name = Debug;
		};
		2491177228D5DEA10035171C /* Release */ = {
			isa = XCBuildConfiguration;
			buildSettings = {
				ASSETCATALOG_COMPILER_APPICON_NAME = AppIcon;
				ASSETCATALOG_COMPILER_GLOBAL_ACCENT_COLOR_NAME = AccentColor;
				CODE_SIGN_STYLE = Automatic;
				CURRENT_PROJECT_VERSION = 1;
				DEVELOPMENT_TEAM = BJ7BQ3L6R4;
				GENERATE_INFOPLIST_FILE = YES;
				INFOPLIST_FILE = TestApp/Info.plist;
				INFOPLIST_KEY_UIApplicationSupportsIndirectInputEvents = YES;
				INFOPLIST_KEY_UILaunchStoryboardName = LaunchScreen;
				INFOPLIST_KEY_UISupportedInterfaceOrientations = UIInterfaceOrientationPortrait;
				INFOPLIST_KEY_UISupportedInterfaceOrientations_iPhone = UIInterfaceOrientationPortrait;
				LD_RUNPATH_SEARCH_PATHS = (
					"$(inherited)",
					"@executable_path/Frameworks",
				);
				MARKETING_VERSION = 1.0.0;
				PRODUCT_BUNDLE_IDENTIFIER = Adamova.TestApp;
				PRODUCT_NAME = "$(TARGET_NAME)";
				SWIFT_EMIT_LOC_STRINGS = YES;
				SWIFT_VERSION = 5.0;
				TARGETED_DEVICE_FAMILY = 1;
			};
			name = Release;
		};
/* End XCBuildConfiguration section */

/* Begin XCConfigurationList section */
		2491175728D5DEA00035171C /* Build configuration list for PBXProject "TestApp" */ = {
			isa = XCConfigurationList;
			buildConfigurations = (
				2491176E28D5DEA10035171C /* Debug */,
				2491176F28D5DEA10035171C /* Release */,
			);
			defaultConfigurationIsVisible = 0;
			defaultConfigurationName = Release;
		};
		2491177028D5DEA10035171C /* Build configuration list for PBXNativeTarget "TestApp" */ = {
			isa = XCConfigurationList;
			buildConfigurations = (
				2491177128D5DEA10035171C /* Debug */,
				2491177228D5DEA10035171C /* Release */,
			);
			defaultConfigurationIsVisible = 0;
			defaultConfigurationName = Release;
		};
/* End XCConfigurationList section */

/* Begin XCVersionGroup section */
		249117C928DA3FC90035171C /* TestApp.xcdatamodeld */ = {
			isa = XCVersionGroup;
			children = (
				249117CA28DA3FC90035171C /* TestApp.xcdatamodel */,
			);
			currentVersion = 249117CA28DA3FC90035171C /* TestApp.xcdatamodel */;
			path = TestApp.xcdatamodeld;
			sourceTree = "<group>";
			versionGroupType = wrapper.xcdatamodel;
		};
/* End XCVersionGroup section */
	};
	rootObject = 2491175428D5DEA00035171C /* Project object */;
}
